// !$*UTF8*$!
{
	archiveVersion = 1;
	classes = {
	};
	objectVersion = 56;
	objects = {

/* Begin PBXBuildFile section */
		D24384C72A61C4E100086896 /* AppDelegate.swift in Sources */ = {isa = PBXBuildFile; fileRef = D24384C62A61C4E100086896 /* AppDelegate.swift */; };
		D24384C92A61C4E100086896 /* SceneDelegate.swift in Sources */ = {isa = PBXBuildFile; fileRef = D24384C82A61C4E100086896 /* SceneDelegate.swift */; };
		D24384CB2A61C4E100086896 /* ViewController.swift in Sources */ = {isa = PBXBuildFile; fileRef = D24384CA2A61C4E100086896 /* ViewController.swift */; };
		D24384CE2A61C4E100086896 /* Main.storyboard in Resources */ = {isa = PBXBuildFile; fileRef = D24384CC2A61C4E100086896 /* Main.storyboard */; };
		D24384D02A61C4E100086896 /* Assets.xcassets in Resources */ = {isa = PBXBuildFile; fileRef = D24384CF2A61C4E100086896 /* Assets.xcassets */; };
		D24384D32A61C4E100086896 /* LaunchScreen.storyboard in Resources */ = {isa = PBXBuildFile; fileRef = D24384D12A61C4E100086896 /* LaunchScreen.storyboard */; };
		D24384DE2A61C4E200086896 /* ArchitectureExampleTests.swift in Sources */ = {isa = PBXBuildFile; fileRef = D24384DD2A61C4E200086896 /* ArchitectureExampleTests.swift */; };
		D24384E82A61C4E200086896 /* ArchitectureExampleUITests.swift in Sources */ = {isa = PBXBuildFile; fileRef = D24384E72A61C4E200086896 /* ArchitectureExampleUITests.swift */; };
		D24384EA2A61C4E200086896 /* ArchitectureExampleUITestsLaunchTests.swift in Sources */ = {isa = PBXBuildFile; fileRef = D24384E92A61C4E200086896 /* ArchitectureExampleUITestsLaunchTests.swift */; };
		D24384F92A61C4F800086896 /* NetworkClient.swift in Sources */ = {isa = PBXBuildFile; fileRef = D24384F82A61C4F800086896 /* NetworkClient.swift */; };
		D24384FC2A61C6AC00086896 /* MyService.swift in Sources */ = {isa = PBXBuildFile; fileRef = D24384FB2A61C6AC00086896 /* MyService.swift */; };
		D24384FF2A61C8C600086896 /* RequestProtocol.swift in Sources */ = {isa = PBXBuildFile; fileRef = D24384FE2A61C8C600086896 /* RequestProtocol.swift */; };
		D24385012A61C8F100086896 /* MyServiceRequest.swift in Sources */ = {isa = PBXBuildFile; fileRef = D24385002A61C8F100086896 /* MyServiceRequest.swift */; };
		D24385032A61C91300086896 /* MyServiceData.swift in Sources */ = {isa = PBXBuildFile; fileRef = D24385022A61C91300086896 /* MyServiceData.swift */; };
		D24385052A61C9D500086896 /* MyServiceMapper.swift in Sources */ = {isa = PBXBuildFile; fileRef = D24385042A61C9D500086896 /* MyServiceMapper.swift */; };
/* End PBXBuildFile section */

/* Begin PBXContainerItemProxy section */
		D24384DA2A61C4E200086896 /* PBXContainerItemProxy */ = {
			isa = PBXContainerItemProxy;
			containerPortal = D24384BB2A61C4E100086896 /* Project object */;
			proxyType = 1;
			remoteGlobalIDString = D24384C22A61C4E100086896;
			remoteInfo = ArchitectureExample;
		};
		D24384E42A61C4E200086896 /* PBXContainerItemProxy */ = {
			isa = PBXContainerItemProxy;
			containerPortal = D24384BB2A61C4E100086896 /* Project object */;
			proxyType = 1;
			remoteGlobalIDString = D24384C22A61C4E100086896;
			remoteInfo = ArchitectureExample;
		};
/* End PBXContainerItemProxy section */

/* Begin PBXFileReference section */
		D24384C32A61C4E100086896 /* ArchitectureExample.app */ = {isa = PBXFileReference; explicitFileType = wrapper.application; includeInIndex = 0; path = ArchitectureExample.app; sourceTree = BUILT_PRODUCTS_DIR; };
		D24384C62A61C4E100086896 /* AppDelegate.swift */ = {isa = PBXFileReference; lastKnownFileType = sourcecode.swift; path = AppDelegate.swift; sourceTree = "<group>"; };
		D24384C82A61C4E100086896 /* SceneDelegate.swift */ = {isa = PBXFileReference; lastKnownFileType = sourcecode.swift; path = SceneDelegate.swift; sourceTree = "<group>"; };
		D24384CA2A61C4E100086896 /* ViewController.swift */ = {isa = PBXFileReference; lastKnownFileType = sourcecode.swift; path = ViewController.swift; sourceTree = "<group>"; };
		D24384CD2A61C4E100086896 /* Base */ = {isa = PBXFileReference; lastKnownFileType = file.storyboard; name = Base; path = Base.lproj/Main.storyboard; sourceTree = "<group>"; };
		D24384CF2A61C4E100086896 /* Assets.xcassets */ = {isa = PBXFileReference; lastKnownFileType = folder.assetcatalog; path = Assets.xcassets; sourceTree = "<group>"; };
		D24384D22A61C4E100086896 /* Base */ = {isa = PBXFileReference; lastKnownFileType = file.storyboard; name = Base; path = Base.lproj/LaunchScreen.storyboard; sourceTree = "<group>"; };
		D24384D42A61C4E200086896 /* Info.plist */ = {isa = PBXFileReference; lastKnownFileType = text.plist.xml; path = Info.plist; sourceTree = "<group>"; };
		D24384D92A61C4E200086896 /* ArchitectureExampleTests.xctest */ = {isa = PBXFileReference; explicitFileType = wrapper.cfbundle; includeInIndex = 0; path = ArchitectureExampleTests.xctest; sourceTree = BUILT_PRODUCTS_DIR; };
		D24384DD2A61C4E200086896 /* ArchitectureExampleTests.swift */ = {isa = PBXFileReference; lastKnownFileType = sourcecode.swift; path = ArchitectureExampleTests.swift; sourceTree = "<group>"; };
		D24384E32A61C4E200086896 /* ArchitectureExampleUITests.xctest */ = {isa = PBXFileReference; explicitFileType = wrapper.cfbundle; includeInIndex = 0; path = ArchitectureExampleUITests.xctest; sourceTree = BUILT_PRODUCTS_DIR; };
		D24384E72A61C4E200086896 /* ArchitectureExampleUITests.swift */ = {isa = PBXFileReference; lastKnownFileType = sourcecode.swift; path = ArchitectureExampleUITests.swift; sourceTree = "<group>"; };
		D24384E92A61C4E200086896 /* ArchitectureExampleUITestsLaunchTests.swift */ = {isa = PBXFileReference; lastKnownFileType = sourcecode.swift; path = ArchitectureExampleUITestsLaunchTests.swift; sourceTree = "<group>"; };
		D24384F82A61C4F800086896 /* NetworkClient.swift */ = {isa = PBXFileReference; lastKnownFileType = sourcecode.swift; path = NetworkClient.swift; sourceTree = "<group>"; };
		D24384FB2A61C6AC00086896 /* MyService.swift */ = {isa = PBXFileReference; lastKnownFileType = sourcecode.swift; path = MyService.swift; sourceTree = "<group>"; };
		D24384FE2A61C8C600086896 /* RequestProtocol.swift */ = {isa = PBXFileReference; lastKnownFileType = sourcecode.swift; path = RequestProtocol.swift; sourceTree = "<group>"; };
		D24385002A61C8F100086896 /* MyServiceRequest.swift */ = {isa = PBXFileReference; lastKnownFileType = sourcecode.swift; path = MyServiceRequest.swift; sourceTree = "<group>"; };
		D24385022A61C91300086896 /* MyServiceData.swift */ = {isa = PBXFileReference; lastKnownFileType = sourcecode.swift; path = MyServiceData.swift; sourceTree = "<group>"; };
		D24385042A61C9D500086896 /* MyServiceMapper.swift */ = {isa = PBXFileReference; lastKnownFileType = sourcecode.swift; path = MyServiceMapper.swift; sourceTree = "<group>"; };
/* End PBXFileReference section */

/* Begin PBXFrameworksBuildPhase section */
		D24384C02A61C4E100086896 /* Frameworks */ = {
			isa = PBXFrameworksBuildPhase;
			buildActionMask = 2147483647;
			files = (
			);
			runOnlyForDeploymentPostprocessing = 0;
		};
		D24384D62A61C4E200086896 /* Frameworks */ = {
			isa = PBXFrameworksBuildPhase;
			buildActionMask = 2147483647;
			files = (
			);
			runOnlyForDeploymentPostprocessing = 0;
		};
		D24384E02A61C4E200086896 /* Frameworks */ = {
			isa = PBXFrameworksBuildPhase;
			buildActionMask = 2147483647;
			files = (
			);
			runOnlyForDeploymentPostprocessing = 0;
		};
/* End PBXFrameworksBuildPhase section */

/* Begin PBXGroup section */
		D24384BA2A61C4E100086896 = {
			isa = PBXGroup;
			children = (
				D24384C52A61C4E100086896 /* ArchitectureExample */,
				D24384DC2A61C4E200086896 /* ArchitectureExampleTests */,
				D24384E62A61C4E200086896 /* ArchitectureExampleUITests */,
				D24384C42A61C4E100086896 /* Products */,
			);
			sourceTree = "<group>";
		};
		D24384C42A61C4E100086896 /* Products */ = {
			isa = PBXGroup;
			children = (
				D24384C32A61C4E100086896 /* ArchitectureExample.app */,
				D24384D92A61C4E200086896 /* ArchitectureExampleTests.xctest */,
				D24384E32A61C4E200086896 /* ArchitectureExampleUITests.xctest */,
			);
			name = Products;
			sourceTree = "<group>";
		};
		D24384C52A61C4E100086896 /* ArchitectureExample */ = {
			isa = PBXGroup;
			children = (
				D24384F62A61C4E900086896 /* Model */,
				D24384C62A61C4E100086896 /* AppDelegate.swift */,
				D24384C82A61C4E100086896 /* SceneDelegate.swift */,
				D24384CA2A61C4E100086896 /* ViewController.swift */,
				D24384CC2A61C4E100086896 /* Main.storyboard */,
				D24384CF2A61C4E100086896 /* Assets.xcassets */,
				D24384D12A61C4E100086896 /* LaunchScreen.storyboard */,
				D24384D42A61C4E200086896 /* Info.plist */,
			);
			path = ArchitectureExample;
			sourceTree = "<group>";
		};
		D24384DC2A61C4E200086896 /* ArchitectureExampleTests */ = {
			isa = PBXGroup;
			children = (
				D24384DD2A61C4E200086896 /* ArchitectureExampleTests.swift */,
			);
			path = ArchitectureExampleTests;
			sourceTree = "<group>";
		};
		D24384E62A61C4E200086896 /* ArchitectureExampleUITests */ = {
			isa = PBXGroup;
			children = (
				D24384E72A61C4E200086896 /* ArchitectureExampleUITests.swift */,
				D24384E92A61C4E200086896 /* ArchitectureExampleUITestsLaunchTests.swift */,
			);
			path = ArchitectureExampleUITests;
			sourceTree = "<group>";
		};
		D24384F62A61C4E900086896 /* Model */ = {
			isa = PBXGroup;
			children = (
				D24384FA2A61C6A300086896 /* Services */,
				D24384F72A61C4EF00086896 /* Network */,
			);
			path = Model;
			sourceTree = "<group>";
		};
		D24384F72A61C4EF00086896 /* Network */ = {
			isa = PBXGroup;
			children = (
				D24384F82A61C4F800086896 /* NetworkClient.swift */,
				D24384FE2A61C8C600086896 /* RequestProtocol.swift */,
			);
			path = Network;
			sourceTree = "<group>";
		};
		D24384FA2A61C6A300086896 /* Services */ = {
			isa = PBXGroup;
			children = (
				D24384FB2A61C6AC00086896 /* MyService.swift */,
				D24385002A61C8F100086896 /* MyServiceRequest.swift */,
				D24385022A61C91300086896 /* MyServiceData.swift */,
				D24385042A61C9D500086896 /* MyServiceMapper.swift */,
			);
			path = Services;
			sourceTree = "<group>";
		};
/* End PBXGroup section */

/* Begin PBXNativeTarget section */
		D24384C22A61C4E100086896 /* ArchitectureExample */ = {
			isa = PBXNativeTarget;
			buildConfigurationList = D24384ED2A61C4E200086896 /* Build configuration list for PBXNativeTarget "ArchitectureExample" */;
			buildPhases = (
				D24384BF2A61C4E100086896 /* Sources */,
				D24384C02A61C4E100086896 /* Frameworks */,
				D24384C12A61C4E100086896 /* Resources */,
			);
			buildRules = (
			);
			dependencies = (
			);
			name = ArchitectureExample;
			productName = ArchitectureExample;
			productReference = D24384C32A61C4E100086896 /* ArchitectureExample.app */;
			productType = "com.apple.product-type.application";
		};
		D24384D82A61C4E200086896 /* ArchitectureExampleTests */ = {
			isa = PBXNativeTarget;
			buildConfigurationList = D24384F02A61C4E200086896 /* Build configuration list for PBXNativeTarget "ArchitectureExampleTests" */;
			buildPhases = (
				D24384D52A61C4E200086896 /* Sources */,
				D24384D62A61C4E200086896 /* Frameworks */,
				D24384D72A61C4E200086896 /* Resources */,
			);
			buildRules = (
			);
			dependencies = (
				D24384DB2A61C4E200086896 /* PBXTargetDependency */,
			);
			name = ArchitectureExampleTests;
			productName = ArchitectureExampleTests;
			productReference = D24384D92A61C4E200086896 /* ArchitectureExampleTests.xctest */;
			productType = "com.apple.product-type.bundle.unit-test";
		};
		D24384E22A61C4E200086896 /* ArchitectureExampleUITests */ = {
			isa = PBXNativeTarget;
			buildConfigurationList = D24384F32A61C4E200086896 /* Build configuration list for PBXNativeTarget "ArchitectureExampleUITests" */;
			buildPhases = (
				D24384DF2A61C4E200086896 /* Sources */,
				D24384E02A61C4E200086896 /* Frameworks */,
				D24384E12A61C4E200086896 /* Resources */,
			);
			buildRules = (
			);
			dependencies = (
				D24384E52A61C4E200086896 /* PBXTargetDependency */,
			);
			name = ArchitectureExampleUITests;
			productName = ArchitectureExampleUITests;
			productReference = D24384E32A61C4E200086896 /* ArchitectureExampleUITests.xctest */;
			productType = "com.apple.product-type.bundle.ui-testing";
		};
/* End PBXNativeTarget section */

/* Begin PBXProject section */
		D24384BB2A61C4E100086896 /* Project object */ = {
			isa = PBXProject;
			attributes = {
				BuildIndependentTargetsInParallel = 1;
				LastSwiftUpdateCheck = 1430;
				LastUpgradeCheck = 1430;
				TargetAttributes = {
					D24384C22A61C4E100086896 = {
						CreatedOnToolsVersion = 14.3.1;
					};
					D24384D82A61C4E200086896 = {
						CreatedOnToolsVersion = 14.3.1;
						TestTargetID = D24384C22A61C4E100086896;
					};
					D24384E22A61C4E200086896 = {
						CreatedOnToolsVersion = 14.3.1;
						TestTargetID = D24384C22A61C4E100086896;
					};
				};
			};
			buildConfigurationList = D24384BE2A61C4E100086896 /* Build configuration list for PBXProject "ArchitectureExample" */;
			compatibilityVersion = "Xcode 14.0";
			developmentRegion = en;
			hasScannedForEncodings = 0;
			knownRegions = (
				en,
				Base,
			);
			mainGroup = D24384BA2A61C4E100086896;
			productRefGroup = D24384C42A61C4E100086896 /* Products */;
			projectDirPath = "";
			projectRoot = "";
			targets = (
				D24384C22A61C4E100086896 /* ArchitectureExample */,
				D24384D82A61C4E200086896 /* ArchitectureExampleTests */,
				D24384E22A61C4E200086896 /* ArchitectureExampleUITests */,
			);
		};
/* End PBXProject section */

/* Begin PBXResourcesBuildPhase section */
		D24384C12A61C4E100086896 /* Resources */ = {
			isa = PBXResourcesBuildPhase;
			buildActionMask = 2147483647;
			files = (
				D24384D32A61C4E100086896 /* LaunchScreen.storyboard in Resources */,
				D24384D02A61C4E100086896 /* Assets.xcassets in Resources */,
				D24384CE2A61C4E100086896 /* Main.storyboard in Resources */,
			);
			runOnlyForDeploymentPostprocessing = 0;
		};
		D24384D72A61C4E200086896 /* Resources */ = {
			isa = PBXResourcesBuildPhase;
			buildActionMask = 2147483647;
			files = (
			);
			runOnlyForDeploymentPostprocessing = 0;
		};
		D24384E12A61C4E200086896 /* Resources */ = {
			isa = PBXResourcesBuildPhase;
			buildActionMask = 2147483647;
			files = (
			);
			runOnlyForDeploymentPostprocessing = 0;
		};
/* End PBXResourcesBuildPhase section */

/* Begin PBXSourcesBuildPhase section */
		D24384BF2A61C4E100086896 /* Sources */ = {
			isa = PBXSourcesBuildPhase;
			buildActionMask = 2147483647;
			files = (
				D24384CB2A61C4E100086896 /* ViewController.swift in Sources */,
				D24384FC2A61C6AC00086896 /* MyService.swift in Sources */,
				D24384C72A61C4E100086896 /* AppDelegate.swift in Sources */,
				D24384FF2A61C8C600086896 /* RequestProtocol.swift in Sources */,
				D24385012A61C8F100086896 /* MyServiceRequest.swift in Sources */,
				D24384C92A61C4E100086896 /* SceneDelegate.swift in Sources */,
				D24384F92A61C4F800086896 /* NetworkClient.swift in Sources */,
				D24385032A61C91300086896 /* MyServiceData.swift in Sources */,
				D24385052A61C9D500086896 /* MyServiceMapper.swift in Sources */,
			);
			runOnlyForDeploymentPostprocessing = 0;
		};
		D24384D52A61C4E200086896 /* Sources */ = {
			isa = PBXSourcesBuildPhase;
			buildActionMask = 2147483647;
			files = (
				D24384DE2A61C4E200086896 /* ArchitectureExampleTests.swift in Sources */,
			);
			runOnlyForDeploymentPostprocessing = 0;
		};
		D24384DF2A61C4E200086896 /* Sources */ = {
			isa = PBXSourcesBuildPhase;
			buildActionMask = 2147483647;
			files = (
				D24384EA2A61C4E200086896 /* ArchitectureExampleUITestsLaunchTests.swift in Sources */,
				D24384E82A61C4E200086896 /* ArchitectureExampleUITests.swift in Sources */,
			);
			runOnlyForDeploymentPostprocessing = 0;
		};
/* End PBXSourcesBuildPhase section */

/* Begin PBXTargetDependency section */
		D24384DB2A61C4E200086896 /* PBXTargetDependency */ = {
			isa = PBXTargetDependency;
			target = D24384C22A61C4E100086896 /* ArchitectureExample */;
			targetProxy = D24384DA2A61C4E200086896 /* PBXContainerItemProxy */;
		};
		D24384E52A61C4E200086896 /* PBXTargetDependency */ = {
			isa = PBXTargetDependency;
			target = D24384C22A61C4E100086896 /* ArchitectureExample */;
			targetProxy = D24384E42A61C4E200086896 /* PBXContainerItemProxy */;
		};
/* End PBXTargetDependency section */

/* Begin PBXVariantGroup section */
		D24384CC2A61C4E100086896 /* Main.storyboard */ = {
			isa = PBXVariantGroup;
			children = (
				D24384CD2A61C4E100086896 /* Base */,
			);
			name = Main.storyboard;
			sourceTree = "<group>";
		};
		D24384D12A61C4E100086896 /* LaunchScreen.storyboard */ = {
			isa = PBXVariantGroup;
			children = (
				D24384D22A61C4E100086896 /* Base */,
			);
			name = LaunchScreen.storyboard;
			sourceTree = "<group>";
		};
/* End PBXVariantGroup section */

/* Begin XCBuildConfiguration section */
		D24384EB2A61C4E200086896 /* Debug */ = {
			isa = XCBuildConfiguration;
			buildSettings = {
				ALWAYS_SEARCH_USER_PATHS = NO;
				CLANG_ANALYZER_NONNULL = YES;
				CLANG_ANALYZER_NUMBER_OBJECT_CONVERSION = YES_AGGRESSIVE;
				CLANG_CXX_LANGUAGE_STANDARD = "gnu++20";
				CLANG_ENABLE_MODULES = YES;
				CLANG_ENABLE_OBJC_ARC = YES;
				CLANG_ENABLE_OBJC_WEAK = YES;
				CLANG_WARN_BLOCK_CAPTURE_AUTORELEASING = YES;
				CLANG_WARN_BOOL_CONVERSION = YES;
				CLANG_WARN_COMMA = YES;
				CLANG_WARN_CONSTANT_CONVERSION = YES;
				CLANG_WARN_DEPRECATED_OBJC_IMPLEMENTATIONS = YES;
				CLANG_WARN_DIRECT_OBJC_ISA_USAGE = YES_ERROR;
				CLANG_WARN_DOCUMENTATION_COMMENTS = YES;
				CLANG_WARN_EMPTY_BODY = YES;
				CLANG_WARN_ENUM_CONVERSION = YES;
				CLANG_WARN_INFINITE_RECURSION = YES;
				CLANG_WARN_INT_CONVERSION = YES;
				CLANG_WARN_NON_LITERAL_NULL_CONVERSION = YES;
				CLANG_WARN_OBJC_IMPLICIT_RETAIN_SELF = YES;
				CLANG_WARN_OBJC_LITERAL_CONVERSION = YES;
				CLANG_WARN_OBJC_ROOT_CLASS = YES_ERROR;
				CLANG_WARN_QUOTED_INCLUDE_IN_FRAMEWORK_HEADER = YES;
				CLANG_WARN_RANGE_LOOP_ANALYSIS = YES;
				CLANG_WARN_STRICT_PROTOTYPES = YES;
				CLANG_WARN_SUSPICIOUS_MOVE = YES;
				CLANG_WARN_UNGUARDED_AVAILABILITY = YES_AGGRESSIVE;
				CLANG_WARN_UNREACHABLE_CODE = YES;
				CLANG_WARN__DUPLICATE_METHOD_MATCH = YES;
				COPY_PHASE_STRIP = NO;
				DEBUG_INFORMATION_FORMAT = dwarf;
				ENABLE_STRICT_OBJC_MSGSEND = YES;
				ENABLE_TESTABILITY = YES;
				GCC_C_LANGUAGE_STANDARD = gnu11;
				GCC_DYNAMIC_NO_PIC = NO;
				GCC_NO_COMMON_BLOCKS = YES;
				GCC_OPTIMIZATION_LEVEL = 0;
				GCC_PREPROCESSOR_DEFINITIONS = (
					"DEBUG=1",
					"$(inherited)",
				);
				GCC_WARN_64_TO_32_BIT_CONVERSION = YES;
				GCC_WARN_ABOUT_RETURN_TYPE = YES_ERROR;
				GCC_WARN_UNDECLARED_SELECTOR = YES;
				GCC_WARN_UNINITIALIZED_AUTOS = YES_AGGRESSIVE;
				GCC_WARN_UNUSED_FUNCTION = YES;
				GCC_WARN_UNUSED_VARIABLE = YES;
				IPHONEOS_DEPLOYMENT_TARGET = 16.4;
				MTL_ENABLE_DEBUG_INFO = INCLUDE_SOURCE;
				MTL_FAST_MATH = YES;
				ONLY_ACTIVE_ARCH = YES;
				SDKROOT = iphoneos;
				SWIFT_ACTIVE_COMPILATION_CONDITIONS = DEBUG;
				SWIFT_OPTIMIZATION_LEVEL = "-Onone";
			};
			name = Debug;
		};
		D24384EC2A61C4E200086896 /* Release */ = {
			isa = XCBuildConfiguration;
			buildSettings = {
				ALWAYS_SEARCH_USER_PATHS = NO;
				CLANG_ANALYZER_NONNULL = YES;
				CLANG_ANALYZER_NUMBER_OBJECT_CONVERSION = YES_AGGRESSIVE;
				CLANG_CXX_LANGUAGE_STANDARD = "gnu++20";
				CLANG_ENABLE_MODULES = YES;
				CLANG_ENABLE_OBJC_ARC = YES;
				CLANG_ENABLE_OBJC_WEAK = YES;
				CLANG_WARN_BLOCK_CAPTURE_AUTORELEASING = YES;
				CLANG_WARN_BOOL_CONVERSION = YES;
				CLANG_WARN_COMMA = YES;
				CLANG_WARN_CONSTANT_CONVERSION = YES;
				CLANG_WARN_DEPRECATED_OBJC_IMPLEMENTATIONS = YES;
				CLANG_WARN_DIRECT_OBJC_ISA_USAGE = YES_ERROR;
				CLANG_WARN_DOCUMENTATION_COMMENTS = YES;
				CLANG_WARN_EMPTY_BODY = YES;
				CLANG_WARN_ENUM_CONVERSION = YES;
				CLANG_WARN_INFINITE_RECURSION = YES;
				CLANG_WARN_INT_CONVERSION = YES;
				CLANG_WARN_NON_LITERAL_NULL_CONVERSION = YES;
				CLANG_WARN_OBJC_IMPLICIT_RETAIN_SELF = YES;
				CLANG_WARN_OBJC_LITERAL_CONVERSION = YES;
				CLANG_WARN_OBJC_ROOT_CLASS = YES_ERROR;
				CLANG_WARN_QUOTED_INCLUDE_IN_FRAMEWORK_HEADER = YES;
				CLANG_WARN_RANGE_LOOP_ANALYSIS = YES;
				CLANG_WARN_STRICT_PROTOTYPES = YES;
				CLANG_WARN_SUSPICIOUS_MOVE = YES;
				CLANG_WARN_UNGUARDED_AVAILABILITY = YES_AGGRESSIVE;
				CLANG_WARN_UNREACHABLE_CODE = YES;
				CLANG_WARN__DUPLICATE_METHOD_MATCH = YES;
				COPY_PHASE_STRIP = NO;
				DEBUG_INFORMATION_FORMAT = "dwarf-with-dsym";
				ENABLE_NS_ASSERTIONS = NO;
				ENABLE_STRICT_OBJC_MSGSEND = YES;
				GCC_C_LANGUAGE_STANDARD = gnu11;
				GCC_NO_COMMON_BLOCKS = YES;
				GCC_WARN_64_TO_32_BIT_CONVERSION = YES;
				GCC_WARN_ABOUT_RETURN_TYPE = YES_ERROR;
				GCC_WARN_UNDECLARED_SELECTOR = YES;
				GCC_WARN_UNINITIALIZED_AUTOS = YES_AGGRESSIVE;
				GCC_WARN_UNUSED_FUNCTION = YES;
				GCC_WARN_UNUSED_VARIABLE = YES;
				IPHONEOS_DEPLOYMENT_TARGET = 16.4;
				MTL_ENABLE_DEBUG_INFO = NO;
				MTL_FAST_MATH = YES;
				SDKROOT = iphoneos;
				SWIFT_COMPILATION_MODE = wholemodule;
				SWIFT_OPTIMIZATION_LEVEL = "-O";
				VALIDATE_PRODUCT = YES;
			};
			name = Release;
		};
		D24384EE2A61C4E200086896 /* Debug */ = {
			isa = XCBuildConfiguration;
			buildSettings = {
				ASSETCATALOG_COMPILER_APPICON_NAME = AppIcon;
				ASSETCATALOG_COMPILER_GLOBAL_ACCENT_COLOR_NAME = AccentColor;
				CODE_SIGN_STYLE = Automatic;
				CURRENT_PROJECT_VERSION = 1;
				DEVELOPMENT_TEAM = 6G68R287BD;
				GENERATE_INFOPLIST_FILE = YES;
				INFOPLIST_FILE = ArchitectureExample/Info.plist;
				INFOPLIST_KEY_UIApplicationSupportsIndirectInputEvents = YES;
				INFOPLIST_KEY_UILaunchStoryboardName = LaunchScreen;
				INFOPLIST_KEY_UIMainStoryboardFile = Main;
				INFOPLIST_KEY_UISupportedInterfaceOrientations_iPad = "UIInterfaceOrientationPortrait UIInterfaceOrientationPortraitUpsideDown UIInterfaceOrientationLandscapeLeft UIInterfaceOrientationLandscapeRight";
				INFOPLIST_KEY_UISupportedInterfaceOrientations_iPhone = "UIInterfaceOrientationPortrait UIInterfaceOrientationLandscapeLeft UIInterfaceOrientationLandscapeRight";
				LD_RUNPATH_SEARCH_PATHS = (
					"$(inherited)",
					"@executable_path/Frameworks",
				);
				MARKETING_VERSION = 1.0;
				PRODUCT_BUNDLE_IDENTIFIER = fr.vincentgrossier.ArchitectureExample;
				PRODUCT_NAME = "$(TARGET_NAME)";
				SWIFT_EMIT_LOC_STRINGS = YES;
				SWIFT_VERSION = 5.0;
				TARGETED_DEVICE_FAMILY = "1,2";
			};
			name = Debug;
		};
		D24384EF2A61C4E200086896 /* Release */ = {
			isa = XCBuildConfiguration;
			buildSettings = {
				ASSETCATALOG_COMPILER_APPICON_NAME = AppIcon;
				ASSETCATALOG_COMPILER_GLOBAL_ACCENT_COLOR_NAME = AccentColor;
				CODE_SIGN_STYLE = Automatic;
				CURRENT_PROJECT_VERSION = 1;
				DEVELOPMENT_TEAM = 6G68R287BD;
				GENERATE_INFOPLIST_FILE = YES;
				INFOPLIST_FILE = ArchitectureExample/Info.plist;
				INFOPLIST_KEY_UIApplicationSupportsIndirectInputEvents = YES;
				INFOPLIST_KEY_UILaunchStoryboardName = LaunchScreen;
				INFOPLIST_KEY_UIMainStoryboardFile = Main;
				INFOPLIST_KEY_UISupportedInterfaceOrientations_iPad = "UIInterfaceOrientationPortrait UIInterfaceOrientationPortraitUpsideDown UIInterfaceOrientationLandscapeLeft UIInterfaceOrientationLandscapeRight";
				INFOPLIST_KEY_UISupportedInterfaceOrientations_iPhone = "UIInterfaceOrientationPortrait UIInterfaceOrientationLandscapeLeft UIInterfaceOrientationLandscapeRight";
				LD_RUNPATH_SEARCH_PATHS = (
					"$(inherited)",
					"@executable_path/Frameworks",
				);
				MARKETING_VERSION = 1.0;
				PRODUCT_BUNDLE_IDENTIFIER = fr.vincentgrossier.ArchitectureExample;
				PRODUCT_NAME = "$(TARGET_NAME)";
				SWIFT_EMIT_LOC_STRINGS = YES;
				SWIFT_VERSION = 5.0;
				TARGETED_DEVICE_FAMILY = "1,2";
			};
			name = Release;
		};
		D24384F12A61C4E200086896 /* Debug */ = {
			isa = XCBuildConfiguration;
			buildSettings = {
				ALWAYS_EMBED_SWIFT_STANDARD_LIBRARIES = YES;
				BUNDLE_LOADER = "$(TEST_HOST)";
				CODE_SIGN_STYLE = Automatic;
				CURRENT_PROJECT_VERSION = 1;
				DEVELOPMENT_TEAM = 6G68R287BD;
				GENERATE_INFOPLIST_FILE = YES;
				IPHONEOS_DEPLOYMENT_TARGET = 16.4;
				MARKETING_VERSION = 1.0;
				PRODUCT_BUNDLE_IDENTIFIER = fr.vincentgrossier.ArchitectureExampleTests;
				PRODUCT_NAME = "$(TARGET_NAME)";
				SWIFT_EMIT_LOC_STRINGS = NO;
				SWIFT_VERSION = 5.0;
				TARGETED_DEVICE_FAMILY = "1,2";
				TEST_HOST = "$(BUILT_PRODUCTS_DIR)/ArchitectureExample.app/$(BUNDLE_EXECUTABLE_FOLDER_PATH)/ArchitectureExample";
			};
			name = Debug;
		};
		D24384F22A61C4E200086896 /* Release */ = {
			isa = XCBuildConfiguration;
			buildSettings = {
				ALWAYS_EMBED_SWIFT_STANDARD_LIBRARIES = YES;
				BUNDLE_LOADER = "$(TEST_HOST)";
				CODE_SIGN_STYLE = Automatic;
				CURRENT_PROJECT_VERSION = 1;
				DEVELOPMENT_TEAM = 6G68R287BD;
				GENERATE_INFOPLIST_FILE = YES;
				IPHONEOS_DEPLOYMENT_TARGET = 16.4;
				MARKETING_VERSION = 1.0;
				PRODUCT_BUNDLE_IDENTIFIER = fr.vincentgrossier.ArchitectureExampleTests;
				PRODUCT_NAME = "$(TARGET_NAME)";
				SWIFT_EMIT_LOC_STRINGS = NO;
				SWIFT_VERSION = 5.0;
				TARGETED_DEVICE_FAMILY = "1,2";
				TEST_HOST = "$(BUILT_PRODUCTS_DIR)/ArchitectureExample.app/$(BUNDLE_EXECUTABLE_FOLDER_PATH)/ArchitectureExample";
			};
			name = Release;
		};
		D24384F42A61C4E200086896 /* Debug */ = {
			isa = XCBuildConfiguration;
			buildSettings = {
				ALWAYS_EMBED_SWIFT_STANDARD_LIBRARIES = YES;
				CODE_SIGN_STYLE = Automatic;
				CURRENT_PROJECT_VERSION = 1;
				DEVELOPMENT_TEAM = 6G68R287BD;
				GENERATE_INFOPLIST_FILE = YES;
				MARKETING_VERSION = 1.0;
				PRODUCT_BUNDLE_IDENTIFIER = fr.vincentgrossier.ArchitectureExampleUITests;
				PRODUCT_NAME = "$(TARGET_NAME)";
				SWIFT_EMIT_LOC_STRINGS = NO;
				SWIFT_VERSION = 5.0;
				TARGETED_DEVICE_FAMILY = "1,2";
				TEST_TARGET_NAME = ArchitectureExample;
			};
			name = Debug;
		};
		D24384F52A61C4E200086896 /* Release */ = {
			isa = XCBuildConfiguration;
			buildSettings = {
				ALWAYS_EMBED_SWIFT_STANDARD_LIBRARIES = YES;
				CODE_SIGN_STYLE = Automatic;
				CURRENT_PROJECT_VERSION = 1;
				DEVELOPMENT_TEAM = 6G68R287BD;
				GENERATE_INFOPLIST_FILE = YES;
				MARKETING_VERSION = 1.0;
				PRODUCT_BUNDLE_IDENTIFIER = fr.vincentgrossier.ArchitectureExampleUITests;
				PRODUCT_NAME = "$(TARGET_NAME)";
				SWIFT_EMIT_LOC_STRINGS = NO;
				SWIFT_VERSION = 5.0;
				TARGETED_DEVICE_FAMILY = "1,2";
				TEST_TARGET_NAME = ArchitectureExample;
			};
			name = Release;
		};
/* End XCBuildConfiguration section */

/* Begin XCConfigurationList section */
		D24384BE2A61C4E100086896 /* Build configuration list for PBXProject "ArchitectureExample" */ = {
			isa = XCConfigurationList;
			buildConfigurations = (
				D24384EB2A61C4E200086896 /* Debug */,
				D24384EC2A61C4E200086896 /* Release */,
			);
			defaultConfigurationIsVisible = 0;
			defaultConfigurationName = Release;
		};
		D24384ED2A61C4E200086896 /* Build configuration list for PBXNativeTarget "ArchitectureExample" */ = {
			isa = XCConfigurationList;
			buildConfigurations = (
				D24384EE2A61C4E200086896 /* Debug */,
				D24384EF2A61C4E200086896 /* Release */,
			);
			defaultConfigurationIsVisible = 0;
			defaultConfigurationName = Release;
		};
		D24384F02A61C4E200086896 /* Build configuration list for PBXNativeTarget "ArchitectureExampleTests" */ = {
			isa = XCConfigurationList;
			buildConfigurations = (
				D24384F12A61C4E200086896 /* Debug */,
				D24384F22A61C4E200086896 /* Release */,
			);
			defaultConfigurationIsVisible = 0;
			defaultConfigurationName = Release;
		};
		D24384F32A61C4E200086896 /* Build configuration list for PBXNativeTarget "ArchitectureExampleUITests" */ = {
			isa = XCConfigurationList;
			buildConfigurations = (
				D24384F42A61C4E200086896 /* Debug */,
				D24384F52A61C4E200086896 /* Release */,
			);
			defaultConfigurationIsVisible = 0;
			defaultConfigurationName = Release;
		};
/* End XCConfigurationList section */
	};
	rootObject = D24384BB2A61C4E100086896 /* Project object */;
}
